
Microsoft Visual Studio Solution File, Format Version 12.00
# Visual Studio Version 16
VisualStudioVersion = 25.0.1704.0
MinimumVisualStudioVersion = 10.0.40219.1
Project("{FAE04EC0-301F-11D3-BF4B-00C04F79EFBC}") = "AirportManagement.API", "AirportManagement.API\AirportManagement.API.csproj", "{4E9CA3E7-4C9C-4BDB-AF7E-DE75B9EED2BF}"
EndProject
Global
	GlobalSection(SolutionConfigurationPlatforms) = preSolution
		Debug|Any CPU = Debug|Any CPU
		Release|Any CPU = Release|Any CPU
	EndGlobalSection
	GlobalSection(ProjectConfigurationPlatforms) = postSolution
		{4E9CA3E7-4C9C-4BDB-AF7E-DE75B9EED2BF}.Debug|Any CPU.ActiveCfg = Debug|Any CPU
		{4E9CA3E7-4C9C-4BDB-AF7E-DE75B9EED2BF}.Debug|Any CPU.Build.0 = Debug|Any CPU
		{4E9CA3E7-4C9C-4BDB-AF7E-DE75B9EED2BF}.Release|Any CPU.ActiveCfg = Release|Any CPU
		{4E9CA3E7-4C9C-4BDB-AF7E-DE75B9EED2BF}.Release|Any CPU.Build.0 = Release|Any CPU
	EndGlobalSection
	GlobalSection(SolutionProperties) = preSolution
		HideSolutionNode = FALSE
	EndGlobalSection
	GlobalSection(ExtensibilityGlobals) = postSolution
		SolutionGuid = {61F093B0-B509-4BCB-A2AA-DF207A98541D}
	EndGlobalSection
EndGlobal
